
Microsoft Visual Studio Solution File, Format Version 12.00
# Visual Studio Version 16
VisualStudioVersion = 16.0.29324.140
MinimumVisualStudioVersion = 10.0.40219.1
Project("{FAE04EC0-301F-11D3-BF4B-00C04F79EFBC}") = "ChestOfBilieBons", "ChestOfBilieBons\ChestOfBilieBons.csproj", "{02B84404-9AF3-4AE7-879D-58CF0AA8B2D7}"
EndProject
Global
	GlobalSection(SolutionConfigurationPlatforms) = preSolution
		Debug|Any CPU = Debug|Any CPU
		Release|Any CPU = Release|Any CPU
	EndGlobalSection
	GlobalSection(ProjectConfigurationPlatforms) = postSolution
		{02B84404-9AF3-4AE7-879D-58CF0AA8B2D7}.Debug|Any CPU.ActiveCfg = Debug|Any CPU
		{02B84404-9AF3-4AE7-879D-58CF0AA8B2D7}.Debug|Any CPU.Build.0 = Debug|Any CPU
		{02B84404-9AF3-4AE7-879D-58CF0AA8B2D7}.Release|Any CPU.ActiveCfg = Release|Any CPU
		{02B84404-9AF3-4AE7-879D-58CF0AA8B2D7}.Release|Any CPU.Build.0 = Release|Any CPU
	EndGlobalSection
	GlobalSection(SolutionProperties) = preSolution
		HideSolutionNode = FALSE
	EndGlobalSection
	GlobalSection(ExtensibilityGlobals) = postSolution
		SolutionGuid = {6C8247A8-70C3-4BF1-B15D-A6409BE2A8F4}
	EndGlobalSection
EndGlobal
